
Microsoft Visual Studio Solution File, Format Version 12.00
# Visual Studio 2013
VisualStudioVersion = 12.0.31101.0
MinimumVisualStudioVersion = 10.0.40219.1
Project("{FAE04EC0-301F-11D3-BF4B-00C04F79EFBC}") = "MVCPrj1", "MVCPrj1\MVCPrj1.csproj", "{B74F64C0-F3A5-429D-83B3-6647E6AA58B2}"
EndProject
Global
	GlobalSection(SolutionConfigurationPlatforms) = preSolution
		Debug|Any CPU = Debug|Any CPU
		Release|Any CPU = Release|Any CPU
	EndGlobalSection
	GlobalSection(ProjectConfigurationPlatforms) = postSolution
		{B74F64C0-F3A5-429D-83B3-6647E6AA58B2}.Debug|Any CPU.ActiveCfg = Debug|Any CPU
		{B74F64C0-F3A5-429D-83B3-6647E6AA58B2}.Debug|Any CPU.Build.0 = Debug|Any CPU
		{B74F64C0-F3A5-429D-83B3-6647E6AA58B2}.Release|Any CPU.ActiveCfg = Release|Any CPU
		{B74F64C0-F3A5-429D-83B3-6647E6AA58B2}.Release|Any CPU.Build.0 = Release|Any CPU
	EndGlobalSection
	GlobalSection(SolutionProperties) = preSolution
		HideSolutionNode = FALSE
	EndGlobalSection
EndGlobal
